
Microsoft Visual Studio Solution File, Format Version 12.00
# Visual Studio Version 17
VisualStudioVersion = 17.9.34723.18
MinimumVisualStudioVersion = 10.0.40219.1
Project("{9A19103F-16F7-4668-BE54-9A1E7A4F7556}") = "QLBH_API1", "QLBH_API1.csproj", "{C985EE0A-AE11-4EA3-AD7B-8D3FF9F8AD27}"
EndProject
Project("{9A19103F-16F7-4668-BE54-9A1E7A4F7556}") = "QLBH_DataAccess", "..\QLBH_DataAccess\QLBH_DataAccess.csproj", "{E266BC30-1971-4434-8E84-92CE6452438E}"
EndProject
Project("{FAE04EC0-301F-11D3-BF4B-00C04F79EFBC}") = "QLBH_Services", "..\QLBH_Services\QLBH_Services.csproj", "{07AA1B0B-E725-4264-AE52-30A62E63B45C}"
EndProject
Project("{FAE04EC0-301F-11D3-BF4B-00C04F79EFBC}") = "MEDIA_SERVER", "..\MEDIA_SERVER\MEDIA_SERVER.csproj", "{FA0957A8-8C5E-4220-B02C-C2758983B2FB}"
EndProject
Global
	GlobalSection(SolutionConfigurationPlatforms) = preSolution
		Debug|Any CPU = Debug|Any CPU
		Release|Any CPU = Release|Any CPU
	EndGlobalSection
	GlobalSection(ProjectConfigurationPlatforms) = postSolution
		{C985EE0A-AE11-4EA3-AD7B-8D3FF9F8AD27}.Debug|Any CPU.ActiveCfg = Debug|Any CPU
		{C985EE0A-AE11-4EA3-AD7B-8D3FF9F8AD27}.Debug|Any CPU.Build.0 = Debug|Any CPU
		{C985EE0A-AE11-4EA3-AD7B-8D3FF9F8AD27}.Release|Any CPU.ActiveCfg = Release|Any CPU
		{C985EE0A-AE11-4EA3-AD7B-8D3FF9F8AD27}.Release|Any CPU.Build.0 = Release|Any CPU
		{E266BC30-1971-4434-8E84-92CE6452438E}.Debug|Any CPU.ActiveCfg = Debug|Any CPU
		{E266BC30-1971-4434-8E84-92CE6452438E}.Debug|Any CPU.Build.0 = Debug|Any CPU
		{E266BC30-1971-4434-8E84-92CE6452438E}.Release|Any CPU.ActiveCfg = Release|Any CPU
		{E266BC30-1971-4434-8E84-92CE6452438E}.Release|Any CPU.Build.0 = Release|Any CPU
		{07AA1B0B-E725-4264-AE52-30A62E63B45C}.Debug|Any CPU.ActiveCfg = Debug|Any CPU
		{07AA1B0B-E725-4264-AE52-30A62E63B45C}.Debug|Any CPU.Build.0 = Debug|Any CPU
		{07AA1B0B-E725-4264-AE52-30A62E63B45C}.Release|Any CPU.ActiveCfg = Release|Any CPU
		{07AA1B0B-E725-4264-AE52-30A62E63B45C}.Release|Any CPU.Build.0 = Release|Any CPU
		{FA0957A8-8C5E-4220-B02C-C2758983B2FB}.Debug|Any CPU.ActiveCfg = Debug|Any CPU
		{FA0957A8-8C5E-4220-B02C-C2758983B2FB}.Debug|Any CPU.Build.0 = Debug|Any CPU
		{FA0957A8-8C5E-4220-B02C-C2758983B2FB}.Release|Any CPU.ActiveCfg = Release|Any CPU
		{FA0957A8-8C5E-4220-B02C-C2758983B2FB}.Release|Any CPU.Build.0 = Release|Any CPU
	EndGlobalSection
	GlobalSection(SolutionProperties) = preSolution
		HideSolutionNode = FALSE
	EndGlobalSection
	GlobalSection(ExtensibilityGlobals) = postSolution
		SolutionGuid = {E9A9C741-D626-4F34-AA61-11B68B33228D}
	EndGlobalSection
EndGlobal
